
Microsoft Visual Studio Solution File, Format Version 12.00
# Visual Studio Version 16
VisualStudioVersion = 16.0.30523.141
MinimumVisualStudioVersion = 10.0.40219.1
Project("{FAE04EC0-301F-11D3-BF4B-00C04F79EFBC}") = "KalkulatorBMI", "KalkulatorBMI.csproj", "{8C131C48-0F96-4321-976F-E55FC43BB264}"
EndProject
Global
	GlobalSection(SolutionConfigurationPlatforms) = preSolution
		Debug|Any CPU = Debug|Any CPU
		Release|Any CPU = Release|Any CPU
	EndGlobalSection
	GlobalSection(ProjectConfigurationPlatforms) = postSolution
		{8C131C48-0F96-4321-976F-E55FC43BB264}.Debug|Any CPU.ActiveCfg = Debug|Any CPU
		{8C131C48-0F96-4321-976F-E55FC43BB264}.Debug|Any CPU.Build.0 = Debug|Any CPU
		{8C131C48-0F96-4321-976F-E55FC43BB264}.Release|Any CPU.ActiveCfg = Release|Any CPU
		{8C131C48-0F96-4321-976F-E55FC43BB264}.Release|Any CPU.Build.0 = Release|Any CPU
	EndGlobalSection
	GlobalSection(SolutionProperties) = preSolution
		HideSolutionNode = FALSE
	EndGlobalSection
	GlobalSection(ExtensibilityGlobals) = postSolution
		SolutionGuid = {F1A345E2-72EF-487A-9B35-8760B4C1A45A}
	EndGlobalSection
EndGlobal
